// !$*UTF8*$!
{
	archiveVersion = 1;
	classes = {
	};
	objectVersion = 77;
	objects = {

/* Begin PBXBuildFile section */
		09F67684245B876B24959826 /* ActiveGymSessionView.swift in Sources */ = {isa = PBXBuildFile; fileRef = C19FEB8C998F1CF53FF5240E /* ActiveGymSessionView.swift */; };
		0C296E87D17F3ABEF24D62CD /* SocialModels.swift in Sources */ = {isa = PBXBuildFile; fileRef = 7F0EA76A613EE66A3CFB9842 /* SocialModels.swift */; };
		0FC3C27122B7C7C1C81A087B /* Color+Kinetics.swift in Sources */ = {isa = PBXBuildFile; fileRef = 0A477BE0C4DB5442E352B9ED /* Color+Kinetics.swift */; };
		0FEB7175E23B33B615E506B0 /* UserProfileView.swift in Sources */ = {isa = PBXBuildFile; fileRef = E64295A75846A5227141320D /* UserProfileView.swift */; };
		1088DCBF512BA3FBC2F0C253 /* HomeView.swift in Sources */ = {isa = PBXBuildFile; fileRef = 04CF8E2F952DD6ED295C43EA /* HomeView.swift */; };
		112FAFFB42872D754E3C11FA /* HomeViewModel.swift in Sources */ = {isa = PBXBuildFile; fileRef = 54C3A86BA19B1FE9C82EB1C7 /* HomeViewModel.swift */; };
		175C3ADDB5DCFB9C6D9B1167 /* RouteMapView.swift in Sources */ = {isa = PBXBuildFile; fileRef = 4F16ADFA50EB885D3690144D /* RouteMapView.swift */; };
		1C2426229591F54127DB3EFA /* VideoModels.swift in Sources */ = {isa = PBXBuildFile; fileRef = E60C049ACD5028A62BCFBB96 /* VideoModels.swift */; };
		1E21073D8ED01D1A90EAACFF /* ProfileView.swift in Sources */ = {isa = PBXBuildFile; fileRef = 43D997E6E4FF21198B9123A2 /* ProfileView.swift */; };
		29268051DA3A5B4519C87DE3 /* TrackAnalytics.swift in Sources */ = {isa = PBXBuildFile; fileRef = 2C192019AE80768F03CED177 /* TrackAnalytics.swift */; };
		2AD660E8DBBF5FFCB432177C /* AppState.swift in Sources */ = {isa = PBXBuildFile; fileRef = 9008B990FE65CFFFF7F53EAB /* AppState.swift */; };
		31A6EE899D6BC52F5BA390BC /* CameraPreviewView.swift in Sources */ = {isa = PBXBuildFile; fileRef = 1BD8F79988934C12079F95AB /* CameraPreviewView.swift */; };
		31E7709CD8F8F3A1BDA2F934 /* IronTrackerOnboardingView.swift in Sources */ = {isa = PBXBuildFile; fileRef = D55ACDFDD83069A1295A1A56 /* IronTrackerOnboardingView.swift */; };
		3300EFFCE9804BAF5F44B668 /* IronTrackerViewModel.swift in Sources */ = {isa = PBXBuildFile; fileRef = 17511DDF3DD72E61C29E559C /* IronTrackerViewModel.swift */; };
		36C562E05CC0A22264FECAF9 /* StrikingViewModel.swift in Sources */ = {isa = PBXBuildFile; fileRef = F4DFCCE7474CEB92525C504A /* StrikingViewModel.swift */; };
		3AAECFFD09059C41182B79E5 /* StrikingAnalytics.swift in Sources */ = {isa = PBXBuildFile; fileRef = AC755859D4AAA319C9102DB8 /* StrikingAnalytics.swift */; };
		3C7A9650D2ADA2154F15CAB3 /* WallBetaSessionReportView.swift in Sources */ = {isa = PBXBuildFile; fileRef = 9AF3E9A65842F2A2BC6C4401 /* WallBetaSessionReportView.swift */; };
		3DADA86E963133CAAB10C46F /* WorkoutSummaryView.swift in Sources */ = {isa = PBXBuildFile; fileRef = A6C6653F2E4BFE91785252BD /* WorkoutSummaryView.swift */; };
		3E7C8B554DAF17E48A36CF23 /* AuthManager.swift in Sources */ = {isa = PBXBuildFile; fileRef = 8CDDDA7CCAF6D2485D5D25F7 /* AuthManager.swift */; };
		3FB770EE6112079467C01928 /* GymWorkoutDetailView.swift in Sources */ = {isa = PBXBuildFile; fileRef = 9FDD5DE93DFBDA0612A9E04C /* GymWorkoutDetailView.swift */; };
		43999AD8C7DF4E87C1B0E859 /* GrapplingSessionReportView.swift in Sources */ = {isa = PBXBuildFile; fileRef = C47432F57057C58AB5AF1802 /* GrapplingSessionReportView.swift */; };
		44685076B7F87358B2808006 /* WallBetaViewModel.swift in Sources */ = {isa = PBXBuildFile; fileRef = E8CDBB4B81075781F23B9E68 /* WallBetaViewModel.swift */; };
		44696766E28EA3E56C921FEC /* HealthKitService.swift in Sources */ = {isa = PBXBuildFile; fileRef = FF26AF759C2CAF15557EA802 /* HealthKitService.swift */; };
		448F9B65DC78550E389E5B4D /* FirebaseAnalytics in Frameworks */ = {isa = PBXBuildFile; productRef = 0F69E24E87E8F14089DDF2CC /* FirebaseAnalytics */; };
		454EC7533FAD3DF390D487E6 /* SessionFeedPublisher.swift in Sources */ = {isa = PBXBuildFile; fileRef = BDB11B92F27E39BC17FD0099 /* SessionFeedPublisher.swift */; };
		4800590EB918C41C35699399 /* WallBetaAnalytics.swift in Sources */ = {isa = PBXBuildFile; fileRef = 18D06C3B0FC7C077782C8964 /* WallBetaAnalytics.swift */; };
		49ECC632295AAB4CC822CFBD /* NotificationSettingsView.swift in Sources */ = {isa = PBXBuildFile; fileRef = 785EBA730A60B9AC81590852 /* NotificationSettingsView.swift */; };
		4B29E40397B9E920014A8A16 /* ExerciseLibraryView.swift in Sources */ = {isa = PBXBuildFile; fileRef = D81D660BD10ABEB404C13D91 /* ExerciseLibraryView.swift */; };
		511809C053541BB8B230D4ED /* GrapplingViewModel.swift in Sources */ = {isa = PBXBuildFile; fileRef = F07DA203D96B1ADD4E88F7F1 /* GrapplingViewModel.swift */; };
		512AA097D17B8FC2EFCCFD4D /* KineticsWidget.swift in Sources */ = {isa = PBXBuildFile; fileRef = E49570C31CB2BA111E404F01 /* KineticsWidget.swift */; };
		53A2FBFDFE9EC40662AEDA69 /* IronTrackerView.swift in Sources */ = {isa = PBXBuildFile; fileRef = 5A4FB71C2696D6317902F821 /* IronTrackerView.swift */; };
		58D7D9A2550728717E6BD0AA /* JointPose.swift in Sources */ = {isa = PBXBuildFile; fileRef = 60CFC25313B76AA9012A0A96 /* JointPose.swift */; };
		5A7D41C9A6C3862567130171 /* TrajectoryTracker.swift in Sources */ = {isa = PBXBuildFile; fileRef = 3D3479AF90A2F3494B2D3F50 /* TrajectoryTracker.swift */; };
		5D424CAB04517AD7ACA5F78F /* GymModels.swift in Sources */ = {isa = PBXBuildFile; fileRef = 76E6D4584A4566026C4F3591 /* GymModels.swift */; };
		5DB2165BFB966EF4B40FFEFA /* CoachVoice.swift in Sources */ = {isa = PBXBuildFile; fileRef = 4C9975CF29738ABDE897D62F /* CoachVoice.swift */; };
		6253BD14B830015B5B3D73B3 /* NotificationService.swift in Sources */ = {isa = PBXBuildFile; fileRef = 1CFDEB608EE0C4C47FEA8440 /* NotificationService.swift */; };
		64C054DF49CA406C1D29117F /* VideoAnalysisEngine.swift in Sources */ = {isa = PBXBuildFile; fileRef = A1FDE6C1FE8B56A89DE042BF /* VideoAnalysisEngine.swift */; };
		65AF90F6886E1FB4A948F130 /* PoseDetectionEngine.swift in Sources */ = {isa = PBXBuildFile; fileRef = 8AE95815B031AA4940A863EE /* PoseDetectionEngine.swift */; };
		6AD7786B7AEE29FEE451DC22 /* FirebaseAuth in Frameworks */ = {isa = PBXBuildFile; productRef = C4CED923C35612DDE1BFAD9F /* FirebaseAuth */; };
		6DB9F094B9B3D5F739C3FC27 /* GrapplingAnalytics.swift in Sources */ = {isa = PBXBuildFile; fileRef = 8CB1F0F7FD8AD724C05CEEBE /* GrapplingAnalytics.swift */; };
		71464CCA100C4F34CAC9633B /* OnboardingMetricRow.swift in Sources */ = {isa = PBXBuildFile; fileRef = 91AF016B55595E5A3008382C /* OnboardingMetricRow.swift */; };
		72CA7F4E153888A87089D1C2 /* PoseOverlayView.swift in Sources */ = {isa = PBXBuildFile; fileRef = F9F4A266DDC44B5128BD6743 /* PoseOverlayView.swift */; };
		7377A50BF3E4F6147E41AD89 /* WallBetaView.swift in Sources */ = {isa = PBXBuildFile; fileRef = 344EC78E25549C9A891871A6 /* WallBetaView.swift */; };
		756D56E0ED10FC641E17194E /* ActiveWorkoutView.swift in Sources */ = {isa = PBXBuildFile; fileRef = F36FE62052C6F5934ACAAA40 /* ActiveWorkoutView.swift */; };
		7A44D12C512FF469EAC6FC10 /* ShareCardView.swift in Sources */ = {isa = PBXBuildFile; fileRef = 34CF303ADC249DE03467E406 /* ShareCardView.swift */; };
		7B4066A954E393ECF3628611 /* StrikingSessionReportView.swift in Sources */ = {isa = PBXBuildFile; fileRef = BB9351DAC698CFD29E7C89D8 /* StrikingSessionReportView.swift */; };
		80540CFE2336B7C01E02211C /* CoachingEngine.swift in Sources */ = {isa = PBXBuildFile; fileRef = 63D18F45C130B389B898CD57 /* CoachingEngine.swift */; };
		824300101F9C7F858944679F /* GymWorkoutHistoryView.swift in Sources */ = {isa = PBXBuildFile; fileRef = EADB33E9A1501BDAF9621B7A /* GymWorkoutHistoryView.swift */; };
		848844499EDC71521B05B46F /* WorkoutDetailView.swift in Sources */ = {isa = PBXBuildFile; fileRef = 2E48187450AB5A96B52417ED /* WorkoutDetailView.swift */; };
		85A2D07262DEB08010C7ED4D /* VideoRepository.swift in Sources */ = {isa = PBXBuildFile; fileRef = DD2701AFF10406B8A01AA70F /* VideoRepository.swift */; };
		86FB595B448BF9FE7E537B63 /* TrajectoryPath.swift in Sources */ = {isa = PBXBuildFile; fileRef = 931EAA20F1D0BE1F51C8ACAB /* TrajectoryPath.swift */; };
		891DA28B0845DA3863B714B1 /* PersonalRecordsView.swift in Sources */ = {isa = PBXBuildFile; fileRef = 497B16EEA223AE88C450FBA8 /* PersonalRecordsView.swift */; };
		89D4093D6D3DD064C1066EBF /* WorkoutResult.swift in Sources */ = {isa = PBXBuildFile; fileRef = EF82ED7BF717471259F1A6EB /* WorkoutResult.swift */; };
		8B32DBDDAC4BECC125DD9427 /* MetricsCardView.swift in Sources */ = {isa = PBXBuildFile; fileRef = 8B73E6BF17BABE0C4D62D73F /* MetricsCardView.swift */; };
		8ED4D22F1E0D4AD1C9EFA28E /* WallBetaOnboardingView.swift in Sources */ = {isa = PBXBuildFile; fileRef = A49B757EAB9FE8AA2EA6BFBF /* WallBetaOnboardingView.swift */; };
		9571F058704DE274B776C123 /* SubscriptionManager.swift in Sources */ = {isa = PBXBuildFile; fileRef = 0CFFA101E73EC4F9738ACEED /* SubscriptionManager.swift */; };
		9598F6CA6662EC1F128A3F2A /* SocialRepository.swift in Sources */ = {isa = PBXBuildFile; fileRef = 099853C55F62679C9537A8A4 /* SocialRepository.swift */; };
		98C0AED100800BD8EA5FE78B /* SessionRepository.swift in Sources */ = {isa = PBXBuildFile; fileRef = 4444A68F70A599ECA48403BE /* SessionRepository.swift */; };
		9A384FDAF37E32FF5428E23B /* WidgetDataStore.swift in Sources */ = {isa = PBXBuildFile; fileRef = EFB185FD265C0A4E6E75368F /* WidgetDataStore.swift */; };
		9B5DE83DC117C96FE3165CC9 /* FirebaseFirestore in Frameworks */ = {isa = PBXBuildFile; productRef = BE0B97061BBD0D0EDC81C0BB /* FirebaseFirestore */; };
		9C6B803704170B6992365B78 /* RoutineBuilderView.swift in Sources */ = {isa = PBXBuildFile; fileRef = CB916B7E7603D1D43A896F73 /* RoutineBuilderView.swift */; };
		A192A25212CD2AE387CEF232 /* KineticsWidget.appex in Embed Foundation Extensions */ = {isa = PBXBuildFile; fileRef = C302C404B5BD0B3928CB0E8C /* KineticsWidget.appex */; settings = {ATTRIBUTES = (RemoveHeadersOnCopy, ); }; };
		A1F9B0AF1252345E962F76C8 /* CameraManager.swift in Sources */ = {isa = PBXBuildFile; fileRef = 43F7902015FAF42D59AEF1E6 /* CameraManager.swift */; };
		A4E9C776BB171B6613E9ED20 /* SessionHistoryRow.swift in Sources */ = {isa = PBXBuildFile; fileRef = 6E3A3F5A51D766021F43409E /* SessionHistoryRow.swift */; };
		A70F65FBDE4CF6DAE811721F /* LocationService.swift in Sources */ = {isa = PBXBuildFile; fileRef = 95B1FF2C59121834922C934E /* LocationService.swift */; };
		A7EB212670DDD460DB8E7437 /* WorkoutHistoryView.swift in Sources */ = {isa = PBXBuildFile; fileRef = 3FEEAE8C16C0B711D260D1FF /* WorkoutHistoryView.swift */; };
		AA6BC3F080A242F41C7D41AE /* VideoLibraryView.swift in Sources */ = {isa = PBXBuildFile; fileRef = C373127039F43C920BEF03AB /* VideoLibraryView.swift */; };
		AD1940CAB68916B38A79570F /* MainTabView.swift in Sources */ = {isa = PBXBuildFile; fileRef = F9EC3A501E98D2D04B904ABB /* MainTabView.swift */; };
		ADDD4F6B55D3F9E1E5611FED /* PermissionsGateView.swift in Sources */ = {isa = PBXBuildFile; fileRef = 514D783F0279F09D15F268E7 /* PermissionsGateView.swift */; };
		AE091BA3A0E856C1E7FBE128 /* BiomechanicsCalculator.swift in Sources */ = {isa = PBXBuildFile; fileRef = 57776DF779A9EF196FF0099B /* BiomechanicsCalculator.swift */; };
		B4D682567F3839AAD7D501A8 /* GymProgressView.swift in Sources */ = {isa = PBXBuildFile; fileRef = 64B1735A24DA64B0245D7374 /* GymProgressView.swift */; };
		B605CD90ADBE4244CF2E5A99 /* TrackView.swift in Sources */ = {isa = PBXBuildFile; fileRef = FC7934535B95DCFCD9079D79 /* TrackView.swift */; };
		B875E6380324D015BC9E9920 /* TrackViewModel.swift in Sources */ = {isa = PBXBuildFile; fileRef = D8643CBD1C2B047956616ACC /* TrackViewModel.swift */; };
		B948297D38FEBE9A3E257525 /* RepCounter.swift in Sources */ = {isa = PBXBuildFile; fileRef = E8D04000D98CBD21248298A0 /* RepCounter.swift */; };
		BB26387B878693EE71C9C95A /* FirebaseCrashlytics in Frameworks */ = {isa = PBXBuildFile; productRef = 726CF430F8281EF13190F56B /* FirebaseCrashlytics */; };
		BFB01F19B3C1C6EF05AFD455 /* CoachOverlayView.swift in Sources */ = {isa = PBXBuildFile; fileRef = F65BFB10A8F0BCC14D54EA7D /* CoachOverlayView.swift */; };
		CB6BECC8855AE1CEEABAA02E /* SessionResult.swift in Sources */ = {isa = PBXBuildFile; fileRef = 63DE416D081F3C588AC652A3 /* SessionResult.swift */; };
		CBD5745D36354446FB741AE0 /* StrikingView.swift in Sources */ = {isa = PBXBuildFile; fileRef = 05FB80A5C42F07AC82B0487B /* StrikingView.swift */; };
		D4D833C1CD725F485BF5827C /* GrapplingView.swift in Sources */ = {isa = PBXBuildFile; fileRef = C30B1A1FD6018E61C6E79268 /* GrapplingView.swift */; };
		D5E3FBEF47ACFC13C7031DA9 /* SubscriptionView.swift in Sources */ = {isa = PBXBuildFile; fileRef = 180342BA4E84F58CF342FDFC /* SubscriptionView.swift */; };
		DA2AA3C77D50FCE82C91B928 /* IronTrackerAnalytics.swift in Sources */ = {isa = PBXBuildFile; fileRef = 3572F2B97B5DEC018B4829E7 /* IronTrackerAnalytics.swift */; };
		E17AF55DA7AC09125EE4669B /* SessionDetailView.swift in Sources */ = {isa = PBXBuildFile; fileRef = 17B53AC33EE1425DCE1469A4 /* SessionDetailView.swift */; };
		E4DC3B328F23443705BCE86A /* GrapplingOnboardingView.swift in Sources */ = {isa = PBXBuildFile; fileRef = E52A53BDDF7AD6CAA2F4E282 /* GrapplingOnboardingView.swift */; };
		E80DC249A91B7F7141666BC9 /* InjuryRiskDetector.swift in Sources */ = {isa = PBXBuildFile; fileRef = 121AC521FEFB5BC065773CAB /* InjuryRiskDetector.swift */; };
		EB77477CE1F33C60BC74F5FA /* GymRootView.swift in Sources */ = {isa = PBXBuildFile; fileRef = 17CCE96B7C847EF00BEF33CE /* GymRootView.swift */; };
		ED04CA4FA88F26989DD1CDCF /* WorkoutRepository.swift in Sources */ = {isa = PBXBuildFile; fileRef = 2B7B95E1925765E8119CF3FF /* WorkoutRepository.swift */; };
		EF19DFF6DAF112D684FCCE3F /* GymHomeView.swift in Sources */ = {isa = PBXBuildFile; fileRef = A95A2EC5EFE23571ABDBD194 /* GymHomeView.swift */; };
		F0625C27A79CC0D116990168 /* FeedView.swift in Sources */ = {isa = PBXBuildFile; fileRef = 6E248662A4970A12F5F6FAD9 /* FeedView.swift */; };
		F0D91AAE5B8ACFFBF4347D88 /* DeepLinkRouter.swift in Sources */ = {isa = PBXBuildFile; fileRef = 20EAF72B62C316979E21DCEB /* DeepLinkRouter.swift */; };
		F2BF7D9E611D9C7C8554DB30 /* IronTrackerSessionReportView.swift in Sources */ = {isa = PBXBuildFile; fileRef = ECE0D529563112634E110515 /* IronTrackerSessionReportView.swift */; };
		F3C7D67C0CD2853294BC67D9 /* TrainView.swift in Sources */ = {isa = PBXBuildFile; fileRef = C90F5D52A2B4BD6611D7FD00 /* TrainView.swift */; };
		F49F31E064DD1C9596B014AC /* StrikingOnboardingView.swift in Sources */ = {isa = PBXBuildFile; fileRef = E5A05C80397FFC400824161B /* StrikingOnboardingView.swift */; };
		F676C73FFCE52052E9565D2E /* GymRepository.swift in Sources */ = {isa = PBXBuildFile; fileRef = DFD4F1CA7451955DB1DA363A /* GymRepository.swift */; };
		F78FC26BC5B4F42C0099A839 /* KineticsApp.swift in Sources */ = {isa = PBXBuildFile; fileRef = 3648047108B6B4CA0E33C4CF /* KineticsApp.swift */; };
		FDBD12D7A1E09F769C5884E1 /* HistoryView.swift in Sources */ = {isa = PBXBuildFile; fileRef = 0DC032562411DDDC1ED7D376 /* HistoryView.swift */; };
/* End PBXBuildFile section */

/* Begin PBXContainerItemProxy section */
		98E5404C21609957CADA8023 /* PBXContainerItemProxy */ = {
			isa = PBXContainerItemProxy;
			containerPortal = 4FED42FC9F77BB90EF44869C /* Project object */;
			proxyType = 1;
			remoteGlobalIDString = 4E104892220093A4B2F8B724;
			remoteInfo = KineticsWidget;
		};
/* End PBXContainerItemProxy section */

/* Begin PBXCopyFilesBuildPhase section */
		2D1C6D9D10D5F2C7AAA38263 /* Embed Foundation Extensions */ = {
			isa = PBXCopyFilesBuildPhase;
			buildActionMask = 2147483647;
			dstPath = "";
			dstSubfolderSpec = 13;
			files = (
				A192A25212CD2AE387CEF232 /* KineticsWidget.appex in Embed Foundation Extensions */,
			);
			name = "Embed Foundation Extensions";
			runOnlyForDeploymentPostprocessing = 0;
		};
/* End PBXCopyFilesBuildPhase section */

/* Begin PBXFileReference section */
		04CF8E2F952DD6ED295C43EA /* HomeView.swift */ = {isa = PBXFileReference; lastKnownFileType = sourcecode.swift; path = HomeView.swift; sourceTree = "<group>"; };
		05FB80A5C42F07AC82B0487B /* StrikingView.swift */ = {isa = PBXFileReference; lastKnownFileType = sourcecode.swift; path = StrikingView.swift; sourceTree = "<group>"; };
		099853C55F62679C9537A8A4 /* SocialRepository.swift */ = {isa = PBXFileReference; lastKnownFileType = sourcecode.swift; path = SocialRepository.swift; sourceTree = "<group>"; };
		0A477BE0C4DB5442E352B9ED /* Color+Kinetics.swift */ = {isa = PBXFileReference; lastKnownFileType = sourcecode.swift; path = "Color+Kinetics.swift"; sourceTree = "<group>"; };
		0CFFA101E73EC4F9738ACEED /* SubscriptionManager.swift */ = {isa = PBXFileReference; lastKnownFileType = sourcecode.swift; path = SubscriptionManager.swift; sourceTree = "<group>"; };
		0DC032562411DDDC1ED7D376 /* HistoryView.swift */ = {isa = PBXFileReference; lastKnownFileType = sourcecode.swift; path = HistoryView.swift; sourceTree = "<group>"; };
		121AC521FEFB5BC065773CAB /* InjuryRiskDetector.swift */ = {isa = PBXFileReference; lastKnownFileType = sourcecode.swift; path = InjuryRiskDetector.swift; sourceTree = "<group>"; };
		16DAA6C287CC5CDA16C313C2 /* Kinetics.app */ = {isa = PBXFileReference; explicitFileType = wrapper.application; includeInIndex = 0; path = Kinetics.app; sourceTree = BUILT_PRODUCTS_DIR; };
		17511DDF3DD72E61C29E559C /* IronTrackerViewModel.swift */ = {isa = PBXFileReference; lastKnownFileType = sourcecode.swift; path = IronTrackerViewModel.swift; sourceTree = "<group>"; };
		17B53AC33EE1425DCE1469A4 /* SessionDetailView.swift */ = {isa = PBXFileReference; lastKnownFileType = sourcecode.swift; path = SessionDetailView.swift; sourceTree = "<group>"; };
		17CCE96B7C847EF00BEF33CE /* GymRootView.swift */ = {isa = PBXFileReference; lastKnownFileType = sourcecode.swift; path = GymRootView.swift; sourceTree = "<group>"; };
		180342BA4E84F58CF342FDFC /* SubscriptionView.swift */ = {isa = PBXFileReference; lastKnownFileType = sourcecode.swift; path = SubscriptionView.swift; sourceTree = "<group>"; };
		18D06C3B0FC7C077782C8964 /* WallBetaAnalytics.swift */ = {isa = PBXFileReference; lastKnownFileType = sourcecode.swift; path = WallBetaAnalytics.swift; sourceTree = "<group>"; };
		1BD8F79988934C12079F95AB /* CameraPreviewView.swift */ = {isa = PBXFileReference; lastKnownFileType = sourcecode.swift; path = CameraPreviewView.swift; sourceTree = "<group>"; };
		1CE4A03B66CD4B11DD6E9FE4 /* Info.plist */ = {isa = PBXFileReference; lastKnownFileType = text.plist; path = Info.plist; sourceTree = "<group>"; };
		1CFDEB608EE0C4C47FEA8440 /* NotificationService.swift */ = {isa = PBXFileReference; lastKnownFileType = sourcecode.swift; path = NotificationService.swift; sourceTree = "<group>"; };
		20EAF72B62C316979E21DCEB /* DeepLinkRouter.swift */ = {isa = PBXFileReference; lastKnownFileType = sourcecode.swift; path = DeepLinkRouter.swift; sourceTree = "<group>"; };
		2B7B95E1925765E8119CF3FF /* WorkoutRepository.swift */ = {isa = PBXFileReference; lastKnownFileType = sourcecode.swift; path = WorkoutRepository.swift; sourceTree = "<group>"; };
		2C192019AE80768F03CED177 /* TrackAnalytics.swift */ = {isa = PBXFileReference; lastKnownFileType = sourcecode.swift; path = TrackAnalytics.swift; sourceTree = "<group>"; };
		2E48187450AB5A96B52417ED /* WorkoutDetailView.swift */ = {isa = PBXFileReference; lastKnownFileType = sourcecode.swift; path = WorkoutDetailView.swift; sourceTree = "<group>"; };
		344EC78E25549C9A891871A6 /* WallBetaView.swift */ = {isa = PBXFileReference; lastKnownFileType = sourcecode.swift; path = WallBetaView.swift; sourceTree = "<group>"; };
		34CF303ADC249DE03467E406 /* ShareCardView.swift */ = {isa = PBXFileReference; lastKnownFileType = sourcecode.swift; path = ShareCardView.swift; sourceTree = "<group>"; };
		3572F2B97B5DEC018B4829E7 /* IronTrackerAnalytics.swift */ = {isa = PBXFileReference; lastKnownFileType = sourcecode.swift; path = IronTrackerAnalytics.swift; sourceTree = "<group>"; };
		3648047108B6B4CA0E33C4CF /* KineticsApp.swift */ = {isa = PBXFileReference; lastKnownFileType = sourcecode.swift; path = KineticsApp.swift; sourceTree = "<group>"; };
		3D3479AF90A2F3494B2D3F50 /* TrajectoryTracker.swift */ = {isa = PBXFileReference; lastKnownFileType = sourcecode.swift; path = TrajectoryTracker.swift; sourceTree = "<group>"; };
		3FEEAE8C16C0B711D260D1FF /* WorkoutHistoryView.swift */ = {isa = PBXFileReference; lastKnownFileType = sourcecode.swift; path = WorkoutHistoryView.swift; sourceTree = "<group>"; };
		43D997E6E4FF21198B9123A2 /* ProfileView.swift */ = {isa = PBXFileReference; lastKnownFileType = sourcecode.swift; path = ProfileView.swift; sourceTree = "<group>"; };
		43F7902015FAF42D59AEF1E6 /* CameraManager.swift */ = {isa = PBXFileReference; lastKnownFileType = sourcecode.swift; path = CameraManager.swift; sourceTree = "<group>"; };
		4444A68F70A599ECA48403BE /* SessionRepository.swift */ = {isa = PBXFileReference; lastKnownFileType = sourcecode.swift; path = SessionRepository.swift; sourceTree = "<group>"; };
		497B16EEA223AE88C450FBA8 /* PersonalRecordsView.swift */ = {isa = PBXFileReference; lastKnownFileType = sourcecode.swift; path = PersonalRecordsView.swift; sourceTree = "<group>"; };
		4C9975CF29738ABDE897D62F /* CoachVoice.swift */ = {isa = PBXFileReference; lastKnownFileType = sourcecode.swift; path = CoachVoice.swift; sourceTree = "<group>"; };
		4F16ADFA50EB885D3690144D /* RouteMapView.swift */ = {isa = PBXFileReference; lastKnownFileType = sourcecode.swift; path = RouteMapView.swift; sourceTree = "<group>"; };
		514D783F0279F09D15F268E7 /* PermissionsGateView.swift */ = {isa = PBXFileReference; lastKnownFileType = sourcecode.swift; path = PermissionsGateView.swift; sourceTree = "<group>"; };
		54C3A86BA19B1FE9C82EB1C7 /* HomeViewModel.swift */ = {isa = PBXFileReference; lastKnownFileType = sourcecode.swift; path = HomeViewModel.swift; sourceTree = "<group>"; };
		57776DF779A9EF196FF0099B /* BiomechanicsCalculator.swift */ = {isa = PBXFileReference; lastKnownFileType = sourcecode.swift; path = BiomechanicsCalculator.swift; sourceTree = "<group>"; };
		5A4FB71C2696D6317902F821 /* IronTrackerView.swift */ = {isa = PBXFileReference; lastKnownFileType = sourcecode.swift; path = IronTrackerView.swift; sourceTree = "<group>"; };
		60CFC25313B76AA9012A0A96 /* JointPose.swift */ = {isa = PBXFileReference; lastKnownFileType = sourcecode.swift; path = JointPose.swift; sourceTree = "<group>"; };
		63D18F45C130B389B898CD57 /* CoachingEngine.swift */ = {isa = PBXFileReference; lastKnownFileType = sourcecode.swift; path = CoachingEngine.swift; sourceTree = "<group>"; };
		63DE416D081F3C588AC652A3 /* SessionResult.swift */ = {isa = PBXFileReference; lastKnownFileType = sourcecode.swift; path = SessionResult.swift; sourceTree = "<group>"; };
		64B1735A24DA64B0245D7374 /* GymProgressView.swift */ = {isa = PBXFileReference; lastKnownFileType = sourcecode.swift; path = GymProgressView.swift; sourceTree = "<group>"; };
		6E248662A4970A12F5F6FAD9 /* FeedView.swift */ = {isa = PBXFileReference; lastKnownFileType = sourcecode.swift; path = FeedView.swift; sourceTree = "<group>"; };
		6E3A3F5A51D766021F43409E /* SessionHistoryRow.swift */ = {isa = PBXFileReference; lastKnownFileType = sourcecode.swift; path = SessionHistoryRow.swift; sourceTree = "<group>"; };
		76E6D4584A4566026C4F3591 /* GymModels.swift */ = {isa = PBXFileReference; lastKnownFileType = sourcecode.swift; path = GymModels.swift; sourceTree = "<group>"; };
		785EBA730A60B9AC81590852 /* NotificationSettingsView.swift */ = {isa = PBXFileReference; lastKnownFileType = sourcecode.swift; path = NotificationSettingsView.swift; sourceTree = "<group>"; };
		7F0EA76A613EE66A3CFB9842 /* SocialModels.swift */ = {isa = PBXFileReference; lastKnownFileType = sourcecode.swift; path = SocialModels.swift; sourceTree = "<group>"; };
		8AE95815B031AA4940A863EE /* PoseDetectionEngine.swift */ = {isa = PBXFileReference; lastKnownFileType = sourcecode.swift; path = PoseDetectionEngine.swift; sourceTree = "<group>"; };
		8B73E6BF17BABE0C4D62D73F /* MetricsCardView.swift */ = {isa = PBXFileReference; lastKnownFileType = sourcecode.swift; path = MetricsCardView.swift; sourceTree = "<group>"; };
		8CB1F0F7FD8AD724C05CEEBE /* GrapplingAnalytics.swift */ = {isa = PBXFileReference; lastKnownFileType = sourcecode.swift; path = GrapplingAnalytics.swift; sourceTree = "<group>"; };
		8CDDDA7CCAF6D2485D5D25F7 /* AuthManager.swift */ = {isa = PBXFileReference; lastKnownFileType = sourcecode.swift; path = AuthManager.swift; sourceTree = "<group>"; };
		9008B990FE65CFFFF7F53EAB /* AppState.swift */ = {isa = PBXFileReference; lastKnownFileType = sourcecode.swift; path = AppState.swift; sourceTree = "<group>"; };
		91AF016B55595E5A3008382C /* OnboardingMetricRow.swift */ = {isa = PBXFileReference; lastKnownFileType = sourcecode.swift; path = OnboardingMetricRow.swift; sourceTree = "<group>"; };
		931EAA20F1D0BE1F51C8ACAB /* TrajectoryPath.swift */ = {isa = PBXFileReference; lastKnownFileType = sourcecode.swift; path = TrajectoryPath.swift; sourceTree = "<group>"; };
		95B1FF2C59121834922C934E /* LocationService.swift */ = {isa = PBXFileReference; lastKnownFileType = sourcecode.swift; path = LocationService.swift; sourceTree = "<group>"; };
		9AF3E9A65842F2A2BC6C4401 /* WallBetaSessionReportView.swift */ = {isa = PBXFileReference; lastKnownFileType = sourcecode.swift; path = WallBetaSessionReportView.swift; sourceTree = "<group>"; };
		9FDD5DE93DFBDA0612A9E04C /* GymWorkoutDetailView.swift */ = {isa = PBXFileReference; lastKnownFileType = sourcecode.swift; path = GymWorkoutDetailView.swift; sourceTree = "<group>"; };
		A1FDE6C1FE8B56A89DE042BF /* VideoAnalysisEngine.swift */ = {isa = PBXFileReference; lastKnownFileType = sourcecode.swift; path = VideoAnalysisEngine.swift; sourceTree = "<group>"; };
		A49B757EAB9FE8AA2EA6BFBF /* WallBetaOnboardingView.swift */ = {isa = PBXFileReference; lastKnownFileType = sourcecode.swift; path = WallBetaOnboardingView.swift; sourceTree = "<group>"; };
		A6C6653F2E4BFE91785252BD /* WorkoutSummaryView.swift */ = {isa = PBXFileReference; lastKnownFileType = sourcecode.swift; path = WorkoutSummaryView.swift; sourceTree = "<group>"; };
		A95A2EC5EFE23571ABDBD194 /* GymHomeView.swift */ = {isa = PBXFileReference; lastKnownFileType = sourcecode.swift; path = GymHomeView.swift; sourceTree = "<group>"; };
		AC755859D4AAA319C9102DB8 /* StrikingAnalytics.swift */ = {isa = PBXFileReference; lastKnownFileType = sourcecode.swift; path = StrikingAnalytics.swift; sourceTree = "<group>"; };
		BB9351DAC698CFD29E7C89D8 /* StrikingSessionReportView.swift */ = {isa = PBXFileReference; lastKnownFileType = sourcecode.swift; path = StrikingSessionReportView.swift; sourceTree = "<group>"; };
		BDB11B92F27E39BC17FD0099 /* SessionFeedPublisher.swift */ = {isa = PBXFileReference; lastKnownFileType = sourcecode.swift; path = SessionFeedPublisher.swift; sourceTree = "<group>"; };
		C18D64B47167CC6B91712D56 /* KineticsWidget.entitlements */ = {isa = PBXFileReference; lastKnownFileType = text.plist.entitlements; path = KineticsWidget.entitlements; sourceTree = "<group>"; };
		C19FEB8C998F1CF53FF5240E /* ActiveGymSessionView.swift */ = {isa = PBXFileReference; lastKnownFileType = sourcecode.swift; path = ActiveGymSessionView.swift; sourceTree = "<group>"; };
		C302C404B5BD0B3928CB0E8C /* KineticsWidget.appex */ = {isa = PBXFileReference; explicitFileType = "wrapper.app-extension"; includeInIndex = 0; path = KineticsWidget.appex; sourceTree = BUILT_PRODUCTS_DIR; };
		C30B1A1FD6018E61C6E79268 /* GrapplingView.swift */ = {isa = PBXFileReference; lastKnownFileType = sourcecode.swift; path = GrapplingView.swift; sourceTree = "<group>"; };
		C373127039F43C920BEF03AB /* VideoLibraryView.swift */ = {isa = PBXFileReference; lastKnownFileType = sourcecode.swift; path = VideoLibraryView.swift; sourceTree = "<group>"; };
		C47432F57057C58AB5AF1802 /* GrapplingSessionReportView.swift */ = {isa = PBXFileReference; lastKnownFileType = sourcecode.swift; path = GrapplingSessionReportView.swift; sourceTree = "<group>"; };
		C90F5D52A2B4BD6611D7FD00 /* TrainView.swift */ = {isa = PBXFileReference; lastKnownFileType = sourcecode.swift; path = TrainView.swift; sourceTree = "<group>"; };
		CB916B7E7603D1D43A896F73 /* RoutineBuilderView.swift */ = {isa = PBXFileReference; lastKnownFileType = sourcecode.swift; path = RoutineBuilderView.swift; sourceTree = "<group>"; };
		D55ACDFDD83069A1295A1A56 /* IronTrackerOnboardingView.swift */ = {isa = PBXFileReference; lastKnownFileType = sourcecode.swift; path = IronTrackerOnboardingView.swift; sourceTree = "<group>"; };
		D81D660BD10ABEB404C13D91 /* ExerciseLibraryView.swift */ = {isa = PBXFileReference; lastKnownFileType = sourcecode.swift; path = ExerciseLibraryView.swift; sourceTree = "<group>"; };
		D8643CBD1C2B047956616ACC /* TrackViewModel.swift */ = {isa = PBXFileReference; lastKnownFileType = sourcecode.swift; path = TrackViewModel.swift; sourceTree = "<group>"; };
		DD2701AFF10406B8A01AA70F /* VideoRepository.swift */ = {isa = PBXFileReference; lastKnownFileType = sourcecode.swift; path = VideoRepository.swift; sourceTree = "<group>"; };
		DFD4F1CA7451955DB1DA363A /* GymRepository.swift */ = {isa = PBXFileReference; lastKnownFileType = sourcecode.swift; path = GymRepository.swift; sourceTree = "<group>"; };
		E49570C31CB2BA111E404F01 /* KineticsWidget.swift */ = {isa = PBXFileReference; lastKnownFileType = sourcecode.swift; path = KineticsWidget.swift; sourceTree = "<group>"; };
		E52A53BDDF7AD6CAA2F4E282 /* GrapplingOnboardingView.swift */ = {isa = PBXFileReference; lastKnownFileType = sourcecode.swift; path = GrapplingOnboardingView.swift; sourceTree = "<group>"; };
		E5A05C80397FFC400824161B /* StrikingOnboardingView.swift */ = {isa = PBXFileReference; lastKnownFileType = sourcecode.swift; path = StrikingOnboardingView.swift; sourceTree = "<group>"; };
		E60C049ACD5028A62BCFBB96 /* VideoModels.swift */ = {isa = PBXFileReference; lastKnownFileType = sourcecode.swift; path = VideoModels.swift; sourceTree = "<group>"; };
		E64295A75846A5227141320D /* UserProfileView.swift */ = {isa = PBXFileReference; lastKnownFileType = sourcecode.swift; path = UserProfileView.swift; sourceTree = "<group>"; };
		E8CDBB4B81075781F23B9E68 /* WallBetaViewModel.swift */ = {isa = PBXFileReference; lastKnownFileType = sourcecode.swift; path = WallBetaViewModel.swift; sourceTree = "<group>"; };
		E8D04000D98CBD21248298A0 /* RepCounter.swift */ = {isa = PBXFileReference; lastKnownFileType = sourcecode.swift; path = RepCounter.swift; sourceTree = "<group>"; };
		EADB33E9A1501BDAF9621B7A /* GymWorkoutHistoryView.swift */ = {isa = PBXFileReference; lastKnownFileType = sourcecode.swift; path = GymWorkoutHistoryView.swift; sourceTree = "<group>"; };
		ECE0D529563112634E110515 /* IronTrackerSessionReportView.swift */ = {isa = PBXFileReference; lastKnownFileType = sourcecode.swift; path = IronTrackerSessionReportView.swift; sourceTree = "<group>"; };
		EF82ED7BF717471259F1A6EB /* WorkoutResult.swift */ = {isa = PBXFileReference; lastKnownFileType = sourcecode.swift; path = WorkoutResult.swift; sourceTree = "<group>"; };
		EFB185FD265C0A4E6E75368F /* WidgetDataStore.swift */ = {isa = PBXFileReference; lastKnownFileType = sourcecode.swift; path = WidgetDataStore.swift; sourceTree = "<group>"; };
		F07DA203D96B1ADD4E88F7F1 /* GrapplingViewModel.swift */ = {isa = PBXFileReference; lastKnownFileType = sourcecode.swift; path = GrapplingViewModel.swift; sourceTree = "<group>"; };
		F36FE62052C6F5934ACAAA40 /* ActiveWorkoutView.swift */ = {isa = PBXFileReference; lastKnownFileType = sourcecode.swift; path = ActiveWorkoutView.swift; sourceTree = "<group>"; };
		F4DFCCE7474CEB92525C504A /* StrikingViewModel.swift */ = {isa = PBXFileReference; lastKnownFileType = sourcecode.swift; path = StrikingViewModel.swift; sourceTree = "<group>"; };
		F65BFB10A8F0BCC14D54EA7D /* CoachOverlayView.swift */ = {isa = PBXFileReference; lastKnownFileType = sourcecode.swift; path = CoachOverlayView.swift; sourceTree = "<group>"; };
		F9EC3A501E98D2D04B904ABB /* MainTabView.swift */ = {isa = PBXFileReference; lastKnownFileType = sourcecode.swift; path = MainTabView.swift; sourceTree = "<group>"; };
		F9F4A266DDC44B5128BD6743 /* PoseOverlayView.swift */ = {isa = PBXFileReference; lastKnownFileType = sourcecode.swift; path = PoseOverlayView.swift; sourceTree = "<group>"; };
		FC7934535B95DCFCD9079D79 /* TrackView.swift */ = {isa = PBXFileReference; lastKnownFileType = sourcecode.swift; path = TrackView.swift; sourceTree = "<group>"; };
		FF26AF759C2CAF15557EA802 /* HealthKitService.swift */ = {isa = PBXFileReference; lastKnownFileType = sourcecode.swift; path = HealthKitService.swift; sourceTree = "<group>"; };
/* End PBXFileReference section */

/* Begin PBXFrameworksBuildPhase section */
		38910400C9BF7C3AF1620A86 /* Frameworks */ = {
			isa = PBXFrameworksBuildPhase;
			buildActionMask = 2147483647;
			files = (
				448F9B65DC78550E389E5B4D /* FirebaseAnalytics in Frameworks */,
				6AD7786B7AEE29FEE451DC22 /* FirebaseAuth in Frameworks */,
				BB26387B878693EE71C9C95A /* FirebaseCrashlytics in Frameworks */,
				9B5DE83DC117C96FE3165CC9 /* FirebaseFirestore in Frameworks */,
			);
			runOnlyForDeploymentPostprocessing = 0;
		};
/* End PBXFrameworksBuildPhase section */

/* Begin PBXGroup section */
		0D3316917AB164AB306F0212 /* GrapplingLab */ = {
			isa = PBXGroup;
			children = (
				8CB1F0F7FD8AD724C05CEEBE /* GrapplingAnalytics.swift */,
				E52A53BDDF7AD6CAA2F4E282 /* GrapplingOnboardingView.swift */,
				C47432F57057C58AB5AF1802 /* GrapplingSessionReportView.swift */,
				C30B1A1FD6018E61C6E79268 /* GrapplingView.swift */,
				F07DA203D96B1ADD4E88F7F1 /* GrapplingViewModel.swift */,
			);
			path = GrapplingLab;
			sourceTree = "<group>";
		};
		0EA50C404C9E3144E4C2D07A /* Track */ = {
			isa = PBXGroup;
			children = (
				F36FE62052C6F5934ACAAA40 /* ActiveWorkoutView.swift */,
				4F16ADFA50EB885D3690144D /* RouteMapView.swift */,
				2C192019AE80768F03CED177 /* TrackAnalytics.swift */,
				FC7934535B95DCFCD9079D79 /* TrackView.swift */,
				D8643CBD1C2B047956616ACC /* TrackViewModel.swift */,
				2E48187450AB5A96B52417ED /* WorkoutDetailView.swift */,
				3FEEAE8C16C0B711D260D1FF /* WorkoutHistoryView.swift */,
				2B7B95E1925765E8119CF3FF /* WorkoutRepository.swift */,
				A6C6653F2E4BFE91785252BD /* WorkoutSummaryView.swift */,
			);
			path = Track;
			sourceTree = "<group>";
		};
		10196E4DF93EB69423F06ADB /* Vision */ = {
			isa = PBXGroup;
			children = (
				43F7902015FAF42D59AEF1E6 /* CameraManager.swift */,
				8AE95815B031AA4940A863EE /* PoseDetectionEngine.swift */,
				3D3479AF90A2F3494B2D3F50 /* TrajectoryTracker.swift */,
			);
			path = Vision;
			sourceTree = "<group>";
		};
		1B3FA0A18D36FC662C99E694 /* Core */ = {
			isa = PBXGroup;
			children = (
				8DAE9AD318C4E723455D52C0 /* Analytics */,
				236C650DDD8488AFBB2051F3 /* Models */,
				8FE54D7D3D2460C8EDFFF657 /* Services */,
				10196E4DF93EB69423F06ADB /* Vision */,
			);
			path = Core;
			sourceTree = "<group>";
		};
		1DBBE7E53ECFD6CF81AC88E6 /* Modules */ = {
			isa = PBXGroup;
			children = (
				C90F5D52A2B4BD6611D7FD00 /* TrainView.swift */,
				0D3316917AB164AB306F0212 /* GrapplingLab */,
				A42956EBF5D6D28141FE59C1 /* GymTracker */,
				DF7713EBD259B82C29A9F65A /* IronTracker */,
				51F2AD8C3957E501A32CAFC4 /* Settings */,
				DE4D16577BA0BA14DBAFE8F4 /* Social */,
				7B7BBC68A7C5DE469BFC2107 /* StrikingClinic */,
				0EA50C404C9E3144E4C2D07A /* Track */,
				B473E84E72E2DA3F0FE578EC /* VideoAnalysis */,
				953F928A7FAD0A9B77C055FE /* WallBeta */,
			);
			path = Modules;
			sourceTree = "<group>";
		};
		236C650DDD8488AFBB2051F3 /* Models */ = {
			isa = PBXGroup;
			children = (
				60CFC25313B76AA9012A0A96 /* JointPose.swift */,
				63DE416D081F3C588AC652A3 /* SessionResult.swift */,
				931EAA20F1D0BE1F51C8ACAB /* TrajectoryPath.swift */,
				EF82ED7BF717471259F1A6EB /* WorkoutResult.swift */,
			);
			path = Models;
			sourceTree = "<group>";
		};
		2BBB894D975C6D838780D84E /* Products */ = {
			isa = PBXGroup;
			children = (
				16DAA6C287CC5CDA16C313C2 /* Kinetics.app */,
				C302C404B5BD0B3928CB0E8C /* KineticsWidget.appex */,
			);
			name = Products;
			sourceTree = "<group>";
		};
		333079546BCA96ECCA92EC04 /* Kinetics */ = {
			isa = PBXGroup;
			children = (
				3864CE24244FBF9109D2160F /* App */,
				1B3FA0A18D36FC662C99E694 /* Core */,
				D49473F70C3A0FC347D9C256 /* Firebase */,
				FE8C116C97DB23818D059A1C /* Home */,
				1DBBE7E53ECFD6CF81AC88E6 /* Modules */,
				BA34FFB5D046EAD7A03EBC9B /* Shared */,
			);
			path = Kinetics;
			sourceTree = "<group>";
		};
		3864CE24244FBF9109D2160F /* App */ = {
			isa = PBXGroup;
			children = (
				9008B990FE65CFFFF7F53EAB /* AppState.swift */,
				20EAF72B62C316979E21DCEB /* DeepLinkRouter.swift */,
				3648047108B6B4CA0E33C4CF /* KineticsApp.swift */,
				F9EC3A501E98D2D04B904ABB /* MainTabView.swift */,
				514D783F0279F09D15F268E7 /* PermissionsGateView.swift */,
			);
			path = App;
			sourceTree = "<group>";
		};
		3D2AADD39CDE337249E47629 = {
			isa = PBXGroup;
			children = (
				333079546BCA96ECCA92EC04 /* Kinetics */,
				E63A3D76A58679040CB42D91 /* KineticsWidget */,
				2BBB894D975C6D838780D84E /* Products */,
			);
			sourceTree = "<group>";
		};
		51F2AD8C3957E501A32CAFC4 /* Settings */ = {
			isa = PBXGroup;
			children = (
				785EBA730A60B9AC81590852 /* NotificationSettingsView.swift */,
				180342BA4E84F58CF342FDFC /* SubscriptionView.swift */,
			);
			path = Settings;
			sourceTree = "<group>";
		};
		6EB19D2F534A8A282AD8F151 /* Components */ = {
			isa = PBXGroup;
			children = (
				1BD8F79988934C12079F95AB /* CameraPreviewView.swift */,
				F65BFB10A8F0BCC14D54EA7D /* CoachOverlayView.swift */,
				8B73E6BF17BABE0C4D62D73F /* MetricsCardView.swift */,
				91AF016B55595E5A3008382C /* OnboardingMetricRow.swift */,
				F9F4A266DDC44B5128BD6743 /* PoseOverlayView.swift */,
				6E3A3F5A51D766021F43409E /* SessionHistoryRow.swift */,
				34CF303ADC249DE03467E406 /* ShareCardView.swift */,
			);
			path = Components;
			sourceTree = "<group>";
		};
		7B7BBC68A7C5DE469BFC2107 /* StrikingClinic */ = {
			isa = PBXGroup;
			children = (
				AC755859D4AAA319C9102DB8 /* StrikingAnalytics.swift */,
				E5A05C80397FFC400824161B /* StrikingOnboardingView.swift */,
				BB9351DAC698CFD29E7C89D8 /* StrikingSessionReportView.swift */,
				05FB80A5C42F07AC82B0487B /* StrikingView.swift */,
				F4DFCCE7474CEB92525C504A /* StrikingViewModel.swift */,
			);
			path = StrikingClinic;
			sourceTree = "<group>";
		};
		8DAE9AD318C4E723455D52C0 /* Analytics */ = {
			isa = PBXGroup;
			children = (
				57776DF779A9EF196FF0099B /* BiomechanicsCalculator.swift */,
				63D18F45C130B389B898CD57 /* CoachingEngine.swift */,
				121AC521FEFB5BC065773CAB /* InjuryRiskDetector.swift */,
				E8D04000D98CBD21248298A0 /* RepCounter.swift */,
			);
			path = Analytics;
			sourceTree = "<group>";
		};
		8FE54D7D3D2460C8EDFFF657 /* Services */ = {
			isa = PBXGroup;
			children = (
				4C9975CF29738ABDE897D62F /* CoachVoice.swift */,
				FF26AF759C2CAF15557EA802 /* HealthKitService.swift */,
				95B1FF2C59121834922C934E /* LocationService.swift */,
				1CFDEB608EE0C4C47FEA8440 /* NotificationService.swift */,
				0CFFA101E73EC4F9738ACEED /* SubscriptionManager.swift */,
				EFB185FD265C0A4E6E75368F /* WidgetDataStore.swift */,
			);
			path = Services;
			sourceTree = "<group>";
		};
		953F928A7FAD0A9B77C055FE /* WallBeta */ = {
			isa = PBXGroup;
			children = (
				18D06C3B0FC7C077782C8964 /* WallBetaAnalytics.swift */,
				A49B757EAB9FE8AA2EA6BFBF /* WallBetaOnboardingView.swift */,
				9AF3E9A65842F2A2BC6C4401 /* WallBetaSessionReportView.swift */,
				344EC78E25549C9A891871A6 /* WallBetaView.swift */,
				E8CDBB4B81075781F23B9E68 /* WallBetaViewModel.swift */,
			);
			path = WallBeta;
			sourceTree = "<group>";
		};
		A4043171FE92E36E6D8F3036 /* Extensions */ = {
			isa = PBXGroup;
			children = (
				0A477BE0C4DB5442E352B9ED /* Color+Kinetics.swift */,
			);
			path = Extensions;
			sourceTree = "<group>";
		};
		A42956EBF5D6D28141FE59C1 /* GymTracker */ = {
			isa = PBXGroup;
			children = (
				C19FEB8C998F1CF53FF5240E /* ActiveGymSessionView.swift */,
				D81D660BD10ABEB404C13D91 /* ExerciseLibraryView.swift */,
				A95A2EC5EFE23571ABDBD194 /* GymHomeView.swift */,
				76E6D4584A4566026C4F3591 /* GymModels.swift */,
				64B1735A24DA64B0245D7374 /* GymProgressView.swift */,
				DFD4F1CA7451955DB1DA363A /* GymRepository.swift */,
				17CCE96B7C847EF00BEF33CE /* GymRootView.swift */,
				9FDD5DE93DFBDA0612A9E04C /* GymWorkoutDetailView.swift */,
				EADB33E9A1501BDAF9621B7A /* GymWorkoutHistoryView.swift */,
				497B16EEA223AE88C450FBA8 /* PersonalRecordsView.swift */,
				CB916B7E7603D1D43A896F73 /* RoutineBuilderView.swift */,
			);
			path = GymTracker;
			sourceTree = "<group>";
		};
		B473E84E72E2DA3F0FE578EC /* VideoAnalysis */ = {
			isa = PBXGroup;
			children = (
				A1FDE6C1FE8B56A89DE042BF /* VideoAnalysisEngine.swift */,
				C373127039F43C920BEF03AB /* VideoLibraryView.swift */,
				E60C049ACD5028A62BCFBB96 /* VideoModels.swift */,
				DD2701AFF10406B8A01AA70F /* VideoRepository.swift */,
			);
			path = VideoAnalysis;
			sourceTree = "<group>";
		};
		BA34FFB5D046EAD7A03EBC9B /* Shared */ = {
			isa = PBXGroup;
			children = (
				0DC032562411DDDC1ED7D376 /* HistoryView.swift */,
				43D997E6E4FF21198B9123A2 /* ProfileView.swift */,
				17B53AC33EE1425DCE1469A4 /* SessionDetailView.swift */,
				6EB19D2F534A8A282AD8F151 /* Components */,
				A4043171FE92E36E6D8F3036 /* Extensions */,
			);
			path = Shared;
			sourceTree = "<group>";
		};
		D49473F70C3A0FC347D9C256 /* Firebase */ = {
			isa = PBXGroup;
			children = (
				8CDDDA7CCAF6D2485D5D25F7 /* AuthManager.swift */,
				4444A68F70A599ECA48403BE /* SessionRepository.swift */,
			);
			path = Firebase;
			sourceTree = "<group>";
		};
		DE4D16577BA0BA14DBAFE8F4 /* Social */ = {
			isa = PBXGroup;
			children = (
				6E248662A4970A12F5F6FAD9 /* FeedView.swift */,
				BDB11B92F27E39BC17FD0099 /* SessionFeedPublisher.swift */,
				7F0EA76A613EE66A3CFB9842 /* SocialModels.swift */,
				099853C55F62679C9537A8A4 /* SocialRepository.swift */,
				E64295A75846A5227141320D /* UserProfileView.swift */,
			);
			path = Social;
			sourceTree = "<group>";
		};
		DF7713EBD259B82C29A9F65A /* IronTracker */ = {
			isa = PBXGroup;
			children = (
				3572F2B97B5DEC018B4829E7 /* IronTrackerAnalytics.swift */,
				D55ACDFDD83069A1295A1A56 /* IronTrackerOnboardingView.swift */,
				ECE0D529563112634E110515 /* IronTrackerSessionReportView.swift */,
				5A4FB71C2696D6317902F821 /* IronTrackerView.swift */,
				17511DDF3DD72E61C29E559C /* IronTrackerViewModel.swift */,
			);
			path = IronTracker;
			sourceTree = "<group>";
		};
		E63A3D76A58679040CB42D91 /* KineticsWidget */ = {
			isa = PBXGroup;
			children = (
				1CE4A03B66CD4B11DD6E9FE4 /* Info.plist */,
				C18D64B47167CC6B91712D56 /* KineticsWidget.entitlements */,
				E49570C31CB2BA111E404F01 /* KineticsWidget.swift */,
			);
			path = KineticsWidget;
			sourceTree = "<group>";
		};
		FE8C116C97DB23818D059A1C /* Home */ = {
			isa = PBXGroup;
			children = (
				04CF8E2F952DD6ED295C43EA /* HomeView.swift */,
				54C3A86BA19B1FE9C82EB1C7 /* HomeViewModel.swift */,
			);
			path = Home;
			sourceTree = "<group>";
		};
/* End PBXGroup section */

/* Begin PBXNativeTarget section */
		4E104892220093A4B2F8B724 /* KineticsWidget */ = {
			isa = PBXNativeTarget;
			buildConfigurationList = 285FAB27DEDD3EB2C0EC043D /* Build configuration list for PBXNativeTarget "KineticsWidget" */;
			buildPhases = (
				EEF2820FAE98973E1AA6A8AC /* Sources */,
			);
			buildRules = (
			);
			dependencies = (
			);
			name = KineticsWidget;
			packageProductDependencies = (
			);
			productName = KineticsWidget;
			productReference = C302C404B5BD0B3928CB0E8C /* KineticsWidget.appex */;
			productType = "com.apple.product-type.app-extension";
		};
		9BB8A80AA6448CB87A29DDBD /* Kinetics */ = {
			isa = PBXNativeTarget;
			buildConfigurationList = BFFD0799B8B9186B37682FD2 /* Build configuration list for PBXNativeTarget "Kinetics" */;
			buildPhases = (
				FC13FF98C07B93D6D17F9E25 /* Sources */,
				38910400C9BF7C3AF1620A86 /* Frameworks */,
				2D1C6D9D10D5F2C7AAA38263 /* Embed Foundation Extensions */,
			);
			buildRules = (
			);
			dependencies = (
				9A9EBEED04A56FB2440117A1 /* PBXTargetDependency */,
			);
			name = Kinetics;
			packageProductDependencies = (
				0F69E24E87E8F14089DDF2CC /* FirebaseAnalytics */,
				C4CED923C35612DDE1BFAD9F /* FirebaseAuth */,
				726CF430F8281EF13190F56B /* FirebaseCrashlytics */,
				BE0B97061BBD0D0EDC81C0BB /* FirebaseFirestore */,
			);
			productName = Kinetics;
			productReference = 16DAA6C287CC5CDA16C313C2 /* Kinetics.app */;
			productType = "com.apple.product-type.application";
		};
/* End PBXNativeTarget section */

/* Begin PBXProject section */
		4FED42FC9F77BB90EF44869C /* Project object */ = {
			isa = PBXProject;
			attributes = {
				BuildIndependentTargetsInParallel = YES;
				LastUpgradeCheck = 1620;
				TargetAttributes = {
					4E104892220093A4B2F8B724 = {
						ProvisioningStyle = Automatic;
					};
					9BB8A80AA6448CB87A29DDBD = {
						ProvisioningStyle = Automatic;
					};
				};
			};
			buildConfigurationList = 6D2CBB74755F93901DEC6E55 /* Build configuration list for PBXProject "Kinetics" */;
			developmentRegion = en;
			hasScannedForEncodings = 0;
			knownRegions = (
				Base,
				en,
			);
			mainGroup = 3D2AADD39CDE337249E47629;
			minimizedProjectReferenceProxies = 1;
			packageReferences = (
				980D8942765D872EFEDEB32C /* XCRemoteSwiftPackageReference "firebase-ios-sdk" */,
			);
			preferredProjectObjectVersion = 77;
			productRefGroup = 2BBB894D975C6D838780D84E /* Products */;
			projectDirPath = "";
			projectRoot = "";
			targets = (
				9BB8A80AA6448CB87A29DDBD /* Kinetics */,
				4E104892220093A4B2F8B724 /* KineticsWidget */,
			);
		};
/* End PBXProject section */

/* Begin PBXSourcesBuildPhase section */
		EEF2820FAE98973E1AA6A8AC /* Sources */ = {
			isa = PBXSourcesBuildPhase;
			buildActionMask = 2147483647;
			files = (
				512AA097D17B8FC2EFCCFD4D /* KineticsWidget.swift in Sources */,
			);
			runOnlyForDeploymentPostprocessing = 0;
		};
		FC13FF98C07B93D6D17F9E25 /* Sources */ = {
			isa = PBXSourcesBuildPhase;
			buildActionMask = 2147483647;
			files = (
				09F67684245B876B24959826 /* ActiveGymSessionView.swift in Sources */,
				756D56E0ED10FC641E17194E /* ActiveWorkoutView.swift in Sources */,
				2AD660E8DBBF5FFCB432177C /* AppState.swift in Sources */,
				3E7C8B554DAF17E48A36CF23 /* AuthManager.swift in Sources */,
				AE091BA3A0E856C1E7FBE128 /* BiomechanicsCalculator.swift in Sources */,
				A1F9B0AF1252345E962F76C8 /* CameraManager.swift in Sources */,
				31A6EE899D6BC52F5BA390BC /* CameraPreviewView.swift in Sources */,
				BFB01F19B3C1C6EF05AFD455 /* CoachOverlayView.swift in Sources */,
				5DB2165BFB966EF4B40FFEFA /* CoachVoice.swift in Sources */,
				80540CFE2336B7C01E02211C /* CoachingEngine.swift in Sources */,
				0FC3C27122B7C7C1C81A087B /* Color+Kinetics.swift in Sources */,
				F0D91AAE5B8ACFFBF4347D88 /* DeepLinkRouter.swift in Sources */,
				4B29E40397B9E920014A8A16 /* ExerciseLibraryView.swift in Sources */,
				F0625C27A79CC0D116990168 /* FeedView.swift in Sources */,
				6DB9F094B9B3D5F739C3FC27 /* GrapplingAnalytics.swift in Sources */,
				E4DC3B328F23443705BCE86A /* GrapplingOnboardingView.swift in Sources */,
				43999AD8C7DF4E87C1B0E859 /* GrapplingSessionReportView.swift in Sources */,
				D4D833C1CD725F485BF5827C /* GrapplingView.swift in Sources */,
				511809C053541BB8B230D4ED /* GrapplingViewModel.swift in Sources */,
				EF19DFF6DAF112D684FCCE3F /* GymHomeView.swift in Sources */,
				5D424CAB04517AD7ACA5F78F /* GymModels.swift in Sources */,
				B4D682567F3839AAD7D501A8 /* GymProgressView.swift in Sources */,
				F676C73FFCE52052E9565D2E /* GymRepository.swift in Sources */,
				EB77477CE1F33C60BC74F5FA /* GymRootView.swift in Sources */,
				3FB770EE6112079467C01928 /* GymWorkoutDetailView.swift in Sources */,
				824300101F9C7F858944679F /* GymWorkoutHistoryView.swift in Sources */,
				44696766E28EA3E56C921FEC /* HealthKitService.swift in Sources */,
				FDBD12D7A1E09F769C5884E1 /* HistoryView.swift in Sources */,
				1088DCBF512BA3FBC2F0C253 /* HomeView.swift in Sources */,
				112FAFFB42872D754E3C11FA /* HomeViewModel.swift in Sources */,
				E80DC249A91B7F7141666BC9 /* InjuryRiskDetector.swift in Sources */,
				DA2AA3C77D50FCE82C91B928 /* IronTrackerAnalytics.swift in Sources */,
				31E7709CD8F8F3A1BDA2F934 /* IronTrackerOnboardingView.swift in Sources */,
				F2BF7D9E611D9C7C8554DB30 /* IronTrackerSessionReportView.swift in Sources */,
				53A2FBFDFE9EC40662AEDA69 /* IronTrackerView.swift in Sources */,
				3300EFFCE9804BAF5F44B668 /* IronTrackerViewModel.swift in Sources */,
				58D7D9A2550728717E6BD0AA /* JointPose.swift in Sources */,
				F78FC26BC5B4F42C0099A839 /* KineticsApp.swift in Sources */,
				A70F65FBDE4CF6DAE811721F /* LocationService.swift in Sources */,
				AD1940CAB68916B38A79570F /* MainTabView.swift in Sources */,
				8B32DBDDAC4BECC125DD9427 /* MetricsCardView.swift in Sources */,
				6253BD14B830015B5B3D73B3 /* NotificationService.swift in Sources */,
				49ECC632295AAB4CC822CFBD /* NotificationSettingsView.swift in Sources */,
				71464CCA100C4F34CAC9633B /* OnboardingMetricRow.swift in Sources */,
				ADDD4F6B55D3F9E1E5611FED /* PermissionsGateView.swift in Sources */,
				891DA28B0845DA3863B714B1 /* PersonalRecordsView.swift in Sources */,
				65AF90F6886E1FB4A948F130 /* PoseDetectionEngine.swift in Sources */,
				72CA7F4E153888A87089D1C2 /* PoseOverlayView.swift in Sources */,
				1E21073D8ED01D1A90EAACFF /* ProfileView.swift in Sources */,
				B948297D38FEBE9A3E257525 /* RepCounter.swift in Sources */,
				175C3ADDB5DCFB9C6D9B1167 /* RouteMapView.swift in Sources */,
				9C6B803704170B6992365B78 /* RoutineBuilderView.swift in Sources */,
				E17AF55DA7AC09125EE4669B /* SessionDetailView.swift in Sources */,
				454EC7533FAD3DF390D487E6 /* SessionFeedPublisher.swift in Sources */,
				A4E9C776BB171B6613E9ED20 /* SessionHistoryRow.swift in Sources */,
				98C0AED100800BD8EA5FE78B /* SessionRepository.swift in Sources */,
				CB6BECC8855AE1CEEABAA02E /* SessionResult.swift in Sources */,
				7A44D12C512FF469EAC6FC10 /* ShareCardView.swift in Sources */,
				0C296E87D17F3ABEF24D62CD /* SocialModels.swift in Sources */,
				9598F6CA6662EC1F128A3F2A /* SocialRepository.swift in Sources */,
				3AAECFFD09059C41182B79E5 /* StrikingAnalytics.swift in Sources */,
				F49F31E064DD1C9596B014AC /* StrikingOnboardingView.swift in Sources */,
				7B4066A954E393ECF3628611 /* StrikingSessionReportView.swift in Sources */,
				CBD5745D36354446FB741AE0 /* StrikingView.swift in Sources */,
				36C562E05CC0A22264FECAF9 /* StrikingViewModel.swift in Sources */,
				9571F058704DE274B776C123 /* SubscriptionManager.swift in Sources */,
				D5E3FBEF47ACFC13C7031DA9 /* SubscriptionView.swift in Sources */,
				29268051DA3A5B4519C87DE3 /* TrackAnalytics.swift in Sources */,
				B605CD90ADBE4244CF2E5A99 /* TrackView.swift in Sources */,
				B875E6380324D015BC9E9920 /* TrackViewModel.swift in Sources */,
				F3C7D67C0CD2853294BC67D9 /* TrainView.swift in Sources */,
				86FB595B448BF9FE7E537B63 /* TrajectoryPath.swift in Sources */,
				5A7D41C9A6C3862567130171 /* TrajectoryTracker.swift in Sources */,
				0FEB7175E23B33B615E506B0 /* UserProfileView.swift in Sources */,
				64C054DF49CA406C1D29117F /* VideoAnalysisEngine.swift in Sources */,
				AA6BC3F080A242F41C7D41AE /* VideoLibraryView.swift in Sources */,
				1C2426229591F54127DB3EFA /* VideoModels.swift in Sources */,
				85A2D07262DEB08010C7ED4D /* VideoRepository.swift in Sources */,
				4800590EB918C41C35699399 /* WallBetaAnalytics.swift in Sources */,
				8ED4D22F1E0D4AD1C9EFA28E /* WallBetaOnboardingView.swift in Sources */,
				3C7A9650D2ADA2154F15CAB3 /* WallBetaSessionReportView.swift in Sources */,
				7377A50BF3E4F6147E41AD89 /* WallBetaView.swift in Sources */,
				44685076B7F87358B2808006 /* WallBetaViewModel.swift in Sources */,
				9A384FDAF37E32FF5428E23B /* WidgetDataStore.swift in Sources */,
				848844499EDC71521B05B46F /* WorkoutDetailView.swift in Sources */,
				A7EB212670DDD460DB8E7437 /* WorkoutHistoryView.swift in Sources */,
				ED04CA4FA88F26989DD1CDCF /* WorkoutRepository.swift in Sources */,
				89D4093D6D3DD064C1066EBF /* WorkoutResult.swift in Sources */,
				3DADA86E963133CAAB10C46F /* WorkoutSummaryView.swift in Sources */,
			);
			runOnlyForDeploymentPostprocessing = 0;
		};
/* End PBXSourcesBuildPhase section */

/* Begin PBXTargetDependency section */
		9A9EBEED04A56FB2440117A1 /* PBXTargetDependency */ = {
			isa = PBXTargetDependency;
			target = 4E104892220093A4B2F8B724 /* KineticsWidget */;
			targetProxy = 98E5404C21609957CADA8023 /* PBXContainerItemProxy */;
		};
/* End PBXTargetDependency section */

/* Begin XCBuildConfiguration section */
		20688BC78AF6071C7434B32C /* Debug */ = {
			isa = XCBuildConfiguration;
			buildSettings = {
				ALWAYS_SEARCH_USER_PATHS = NO;
				CLANG_ANALYZER_NONNULL = YES;
				CLANG_ANALYZER_NUMBER_OBJECT_CONVERSION = YES_AGGRESSIVE;
				CLANG_CXX_LANGUAGE_STANDARD = "gnu++14";
				CLANG_CXX_LIBRARY = "libc++";
				CLANG_ENABLE_MODULES = YES;
				CLANG_ENABLE_OBJC_ARC = YES;
				CLANG_ENABLE_OBJC_WEAK = YES;
				CLANG_WARN_BLOCK_CAPTURE_AUTORELEASING = YES;
				CLANG_WARN_BOOL_CONVERSION = YES;
				CLANG_WARN_COMMA = YES;
				CLANG_WARN_CONSTANT_CONVERSION = YES;
				CLANG_WARN_DEPRECATED_OBJC_IMPLEMENTATIONS = YES;
				CLANG_WARN_DIRECT_OBJC_ISA_USAGE = YES_ERROR;
				CLANG_WARN_DOCUMENTATION_COMMENTS = YES;
				CLANG_WARN_EMPTY_BODY = YES;
				CLANG_WARN_ENUM_CONVERSION = YES;
				CLANG_WARN_INFINITE_RECURSION = YES;
				CLANG_WARN_INT_CONVERSION = YES;
				CLANG_WARN_NON_LITERAL_NULL_CONVERSION = YES;
				CLANG_WARN_OBJC_IMPLICIT_RETAIN_SELF = YES;
				CLANG_WARN_OBJC_LITERAL_CONVERSION = YES;
				CLANG_WARN_OBJC_ROOT_CLASS = YES_ERROR;
				CLANG_WARN_QUOTED_INCLUDE_IN_FRAMEWORK_HEADER = YES;
				CLANG_WARN_RANGE_LOOP_ANALYSIS = YES;
				CLANG_WARN_STRICT_PROTOTYPES = YES;
				CLANG_WARN_SUSPICIOUS_MOVE = YES;
				CLANG_WARN_UNGUARDED_AVAILABILITY = YES_AGGRESSIVE;
				CLANG_WARN_UNREACHABLE_CODE = YES;
				CLANG_WARN__DUPLICATE_METHOD_MATCH = YES;
				COPY_PHASE_STRIP = NO;
				DEBUG_INFORMATION_FORMAT = dwarf;
				ENABLE_STRICT_OBJC_MSGSEND = YES;
				ENABLE_TESTABILITY = YES;
				ENABLE_USER_SCRIPT_SANDBOXING = NO;
				GCC_C_LANGUAGE_STANDARD = gnu11;
				GCC_DYNAMIC_NO_PIC = NO;
				GCC_NO_COMMON_BLOCKS = YES;
				GCC_OPTIMIZATION_LEVEL = 0;
				GCC_PREPROCESSOR_DEFINITIONS = (
					"$(inherited)",
					"DEBUG=1",
				);
				GCC_WARN_64_TO_32_BIT_CONVERSION = YES;
				GCC_WARN_ABOUT_RETURN_TYPE = YES_ERROR;
				GCC_WARN_UNDECLARED_SELECTOR = YES;
				GCC_WARN_UNINITIALIZED_AUTOS = YES_AGGRESSIVE;
				GCC_WARN_UNUSED_FUNCTION = YES;
				GCC_WARN_UNUSED_VARIABLE = YES;
				IPHONEOS_DEPLOYMENT_TARGET = 17.0;
				MTL_ENABLE_DEBUG_INFO = INCLUDE_SOURCE;
				MTL_FAST_MATH = YES;
				ONLY_ACTIVE_ARCH = YES;
				PRODUCT_NAME = "$(TARGET_NAME)";
				SDKROOT = iphoneos;
				SWIFT_ACTIVE_COMPILATION_CONDITIONS = DEBUG;
				SWIFT_OPTIMIZATION_LEVEL = "-Onone";
				SWIFT_VERSION = 6.0;
			};
			name = Debug;
		};
		3C36160D7728EA274AEB7463 /* Debug */ = {
			isa = XCBuildConfiguration;
			buildSettings = {
				ASSETCATALOG_COMPILER_APPICON_NAME = AppIcon;
				CODE_SIGN_ENTITLEMENTS = Kinetics/Kinetics.entitlements;
				CODE_SIGN_IDENTITY = "iPhone Developer";
				CODE_SIGN_STYLE = Automatic;
				CURRENT_PROJECT_VERSION = 1;
				DEVELOPMENT_TEAM = 8M64JJQQAU;
				INFOPLIST_FILE = Kinetics/Info.plist;
				IPHONEOS_DEPLOYMENT_TARGET = 17.0;
				LD_RUNPATH_SEARCH_PATHS = (
					"$(inherited)",
					"@executable_path/Frameworks",
				);
				MARKETING_VERSION = 1.0.0;
				PRODUCT_BUNDLE_IDENTIFIER = com.rayancheca.kinetics;
				SDKROOT = iphoneos;
				SWIFT_ACTIVE_COMPILATION_CONDITIONS = DEBUG;
				TARGETED_DEVICE_FAMILY = "1,2";
			};
			name = Debug;
		};
		5D6DD509B7867A25C48FF94D /* Release */ = {
			isa = XCBuildConfiguration;
			buildSettings = {
				ALWAYS_SEARCH_USER_PATHS = NO;
				CLANG_ANALYZER_NONNULL = YES;
				CLANG_ANALYZER_NUMBER_OBJECT_CONVERSION = YES_AGGRESSIVE;
				CLANG_CXX_LANGUAGE_STANDARD = "gnu++14";
				CLANG_CXX_LIBRARY = "libc++";
				CLANG_ENABLE_MODULES = YES;
				CLANG_ENABLE_OBJC_ARC = YES;
				CLANG_ENABLE_OBJC_WEAK = YES;
				CLANG_WARN_BLOCK_CAPTURE_AUTORELEASING = YES;
				CLANG_WARN_BOOL_CONVERSION = YES;
				CLANG_WARN_COMMA = YES;
				CLANG_WARN_CONSTANT_CONVERSION = YES;
				CLANG_WARN_DEPRECATED_OBJC_IMPLEMENTATIONS = YES;
				CLANG_WARN_DIRECT_OBJC_ISA_USAGE = YES_ERROR;
				CLANG_WARN_DOCUMENTATION_COMMENTS = YES;
				CLANG_WARN_EMPTY_BODY = YES;
				CLANG_WARN_ENUM_CONVERSION = YES;
				CLANG_WARN_INFINITE_RECURSION = YES;
				CLANG_WARN_INT_CONVERSION = YES;
				CLANG_WARN_NON_LITERAL_NULL_CONVERSION = YES;
				CLANG_WARN_OBJC_IMPLICIT_RETAIN_SELF = YES;
				CLANG_WARN_OBJC_LITERAL_CONVERSION = YES;
				CLANG_WARN_OBJC_ROOT_CLASS = YES_ERROR;
				CLANG_WARN_QUOTED_INCLUDE_IN_FRAMEWORK_HEADER = YES;
				CLANG_WARN_RANGE_LOOP_ANALYSIS = YES;
				CLANG_WARN_STRICT_PROTOTYPES = YES;
				CLANG_WARN_SUSPICIOUS_MOVE = YES;
				CLANG_WARN_UNGUARDED_AVAILABILITY = YES_AGGRESSIVE;
				CLANG_WARN_UNREACHABLE_CODE = YES;
				CLANG_WARN__DUPLICATE_METHOD_MATCH = YES;
				COPY_PHASE_STRIP = NO;
				DEBUG_INFORMATION_FORMAT = "dwarf-with-dsym";
				ENABLE_NS_ASSERTIONS = NO;
				ENABLE_STRICT_OBJC_MSGSEND = YES;
				ENABLE_USER_SCRIPT_SANDBOXING = NO;
				GCC_C_LANGUAGE_STANDARD = gnu11;
				GCC_NO_COMMON_BLOCKS = YES;
				GCC_WARN_64_TO_32_BIT_CONVERSION = YES;
				GCC_WARN_ABOUT_RETURN_TYPE = YES_ERROR;
				GCC_WARN_UNDECLARED_SELECTOR = YES;
				GCC_WARN_UNINITIALIZED_AUTOS = YES_AGGRESSIVE;
				GCC_WARN_UNUSED_FUNCTION = YES;
				GCC_WARN_UNUSED_VARIABLE = YES;
				IPHONEOS_DEPLOYMENT_TARGET = 17.0;
				MTL_ENABLE_DEBUG_INFO = NO;
				MTL_FAST_MATH = YES;
				PRODUCT_NAME = "$(TARGET_NAME)";
				SDKROOT = iphoneos;
				SWIFT_COMPILATION_MODE = wholemodule;
				SWIFT_OPTIMIZATION_LEVEL = "-O";
				SWIFT_VERSION = 6.0;
			};
			name = Release;
		};
		6BADA20F7EE236F952192C5C /* Release */ = {
			isa = XCBuildConfiguration;
			buildSettings = {
				ASSETCATALOG_COMPILER_APPICON_NAME = AppIcon;
				CODE_SIGN_ENTITLEMENTS = Kinetics/Kinetics.entitlements;
				CODE_SIGN_IDENTITY = "iPhone Developer";
				CODE_SIGN_STYLE = Automatic;
				CURRENT_PROJECT_VERSION = 1;
				DEVELOPMENT_TEAM = 8M64JJQQAU;
				INFOPLIST_FILE = Kinetics/Info.plist;
				IPHONEOS_DEPLOYMENT_TARGET = 17.0;
				LD_RUNPATH_SEARCH_PATHS = (
					"$(inherited)",
					"@executable_path/Frameworks",
				);
				MARKETING_VERSION = 1.0.0;
				PRODUCT_BUNDLE_IDENTIFIER = com.rayancheca.kinetics;
				SDKROOT = iphoneos;
				SWIFT_ACTIVE_COMPILATION_CONDITIONS = "";
				TARGETED_DEVICE_FAMILY = "1,2";
			};
			name = Release;
		};
		C437A92665180A48B4F5ADE4 /* Release */ = {
			isa = XCBuildConfiguration;
			buildSettings = {
				CODE_SIGN_ENTITLEMENTS = KineticsWidget/KineticsWidget.entitlements;
				CODE_SIGN_STYLE = Automatic;
				DEVELOPMENT_TEAM = 8M64JJQQAU;
				INFOPLIST_FILE = KineticsWidget/Info.plist;
				IPHONEOS_DEPLOYMENT_TARGET = 17.0;
				LD_RUNPATH_SEARCH_PATHS = (
					"$(inherited)",
					"@executable_path/Frameworks",
					"@executable_path/../../Frameworks",
				);
				PRODUCT_BUNDLE_IDENTIFIER = com.rayancheca.kinetics.widget;
				SDKROOT = iphoneos;
				SWIFT_VERSION = 6.0;
				TARGETED_DEVICE_FAMILY = "1,2";
			};
			name = Release;
		};
		FB8B147E30A47155EC69F119 /* Debug */ = {
			isa = XCBuildConfiguration;
			buildSettings = {
				CODE_SIGN_ENTITLEMENTS = KineticsWidget/KineticsWidget.entitlements;
				CODE_SIGN_STYLE = Automatic;
				DEVELOPMENT_TEAM = 8M64JJQQAU;
				INFOPLIST_FILE = KineticsWidget/Info.plist;
				IPHONEOS_DEPLOYMENT_TARGET = 17.0;
				LD_RUNPATH_SEARCH_PATHS = (
					"$(inherited)",
					"@executable_path/Frameworks",
					"@executable_path/../../Frameworks",
				);
				PRODUCT_BUNDLE_IDENTIFIER = com.rayancheca.kinetics.widget;
				SDKROOT = iphoneos;
				SWIFT_VERSION = 6.0;
				TARGETED_DEVICE_FAMILY = "1,2";
			};
			name = Debug;
		};
/* End XCBuildConfiguration section */

/* Begin XCConfigurationList section */
		285FAB27DEDD3EB2C0EC043D /* Build configuration list for PBXNativeTarget "KineticsWidget" */ = {
			isa = XCConfigurationList;
			buildConfigurations = (
				FB8B147E30A47155EC69F119 /* Debug */,
				C437A92665180A48B4F5ADE4 /* Release */,
			);
			defaultConfigurationIsVisible = 0;
			defaultConfigurationName = Debug;
		};
		6D2CBB74755F93901DEC6E55 /* Build configuration list for PBXProject "Kinetics" */ = {
			isa = XCConfigurationList;
			buildConfigurations = (
				20688BC78AF6071C7434B32C /* Debug */,
				5D6DD509B7867A25C48FF94D /* Release */,
			);
			defaultConfigurationIsVisible = 0;
			defaultConfigurationName = Debug;
		};
		BFFD0799B8B9186B37682FD2 /* Build configuration list for PBXNativeTarget "Kinetics" */ = {
			isa = XCConfigurationList;
			buildConfigurations = (
				3C36160D7728EA274AEB7463 /* Debug */,
				6BADA20F7EE236F952192C5C /* Release */,
			);
			defaultConfigurationIsVisible = 0;
			defaultConfigurationName = Debug;
		};
/* End XCConfigurationList section */

/* Begin XCRemoteSwiftPackageReference section */
		980D8942765D872EFEDEB32C /* XCRemoteSwiftPackageReference "firebase-ios-sdk" */ = {
			isa = XCRemoteSwiftPackageReference;
			repositoryURL = "https://github.com/firebase/firebase-ios-sdk";
			requirement = {
				kind = upToNextMajorVersion;
				minimumVersion = 11.0.0;
			};
		};
/* End XCRemoteSwiftPackageReference section */

/* Begin XCSwiftPackageProductDependency section */
		0F69E24E87E8F14089DDF2CC /* FirebaseAnalytics */ = {
			isa = XCSwiftPackageProductDependency;
			package = 980D8942765D872EFEDEB32C /* XCRemoteSwiftPackageReference "firebase-ios-sdk" */;
			productName = FirebaseAnalytics;
		};
		726CF430F8281EF13190F56B /* FirebaseCrashlytics */ = {
			isa = XCSwiftPackageProductDependency;
			package = 980D8942765D872EFEDEB32C /* XCRemoteSwiftPackageReference "firebase-ios-sdk" */;
			productName = FirebaseCrashlytics;
		};
		BE0B97061BBD0D0EDC81C0BB /* FirebaseFirestore */ = {
			isa = XCSwiftPackageProductDependency;
			package = 980D8942765D872EFEDEB32C /* XCRemoteSwiftPackageReference "firebase-ios-sdk" */;
			productName = FirebaseFirestore;
		};
		C4CED923C35612DDE1BFAD9F /* FirebaseAuth */ = {
			isa = XCSwiftPackageProductDependency;
			package = 980D8942765D872EFEDEB32C /* XCRemoteSwiftPackageReference "firebase-ios-sdk" */;
			productName = FirebaseAuth;
		};
/* End XCSwiftPackageProductDependency section */
	};
	rootObject = 4FED42FC9F77BB90EF44869C /* Project object */;
}
